{
  "name": "oef3",
  "version": "1.0.0",
  "lockfileVersion": 3,
  "requires": true,
  "packages": {
    "": {
      "name": "oef3",
      "version": "1.0.0",
      "license": "ISC",
      "dependencies": {
        "ceil": "^0.0.0"
      }
    },
    "node_modules/ceil": {
      "version": "0.0.0",
      "resolved": "https://registry.npmjs.org/ceil/-/ceil-0.0.0.tgz",
      "integrity": "sha512-yJnBOlc4TrornAXQeq1pBJLuh2YZXoth3l2TCBPtqYZ/Q+hSUz9GUCxm9CXae4RnkGCfHluVRP8LK2xy0CCwhA==",
      "license": "MIT",
      "dependencies": {
        "decimal-adjust": "0.0.0"
      }
    },
    "node_modules/decimal-adjust": {
      "version": "0.0.0",
      "resolved": "https://registry.npmjs.org/decimal-adjust/-/decimal-adjust-0.0.0.tgz",
      "integrity": "sha512-6J5fCnmKwwmtbFnGEM4rI0zejGmjC3h8dDjguK8SlQ7rl2eAXcfqFUcVGHd5mraGodwbtwdNkQIq7XTKbZNWYQ==",
      "license": "MIT"
    }
  }
}
